// !$*UTF8*$!
{
	archiveVersion = 1;
	classes = {
	};
	objectVersion = 46;
	objects = {

/* Begin PBXBuildFile section */
		85BDCB031F259ACD00ADEE4A /* AppDelegate.swift in Sources */ = {isa = PBXBuildFile; fileRef = 85BDCB021F259ACD00ADEE4A /* AppDelegate.swift */; };
		85BDCB051F259ACD00ADEE4A /* ViewController.swift in Sources */ = {isa = PBXBuildFile; fileRef = 85BDCB041F259ACD00ADEE4A /* ViewController.swift */; };
		85BDCB081F259ACD00ADEE4A /* Main.storyboard in Resources */ = {isa = PBXBuildFile; fileRef = 85BDCB061F259ACD00ADEE4A /* Main.storyboard */; };
		85BDCB0A1F259ACD00ADEE4A /* Assets.xcassets in Resources */ = {isa = PBXBuildFile; fileRef = 85BDCB091F259ACD00ADEE4A /* Assets.xcassets */; };
		85BDCB0D1F259ACD00ADEE4A /* LaunchScreen.storyboard in Resources */ = {isa = PBXBuildFile; fileRef = 85BDCB0B1F259ACD00ADEE4A /* LaunchScreen.storyboard */; };
		85BDCB2D1F25BB8400ADEE4A /* Alamofire.framework in Frameworks */ = {isa = PBXBuildFile; fileRef = 85BDCB201F25A5DA00ADEE4A /* Alamofire.framework */; };
		85BDCB2E1F25BB8400ADEE4A /* Alamofire.framework in Embed Frameworks */ = {isa = PBXBuildFile; fileRef = 85BDCB201F25A5DA00ADEE4A /* Alamofire.framework */; settings = {ATTRIBUTES = (CodeSignOnCopy, RemoveHeadersOnCopy, ); }; };
/* End PBXBuildFile section */

/* Begin PBXContainerItemProxy section */
		85BDCB1F1F25A5DA00ADEE4A /* PBXContainerItemProxy */ = {
			isa = PBXContainerItemProxy;
			containerPortal = 85BDCB141F25A5DA00ADEE4A /* Alamofire.xcodeproj */;
			proxyType = 2;
			remoteGlobalIDString = F8111E3319A95C8B0040E7D1;
			remoteInfo = "Alamofire iOS";
		};
		85BDCB211F25A5DA00ADEE4A /* PBXContainerItemProxy */ = {
			isa = PBXContainerItemProxy;
			containerPortal = 85BDCB141F25A5DA00ADEE4A /* Alamofire.xcodeproj */;
			proxyType = 2;
			remoteGlobalIDString = F8111E3E19A95C8B0040E7D1;
			remoteInfo = "Alamofire iOS Tests";
		};
		85BDCB231F25A5DA00ADEE4A /* PBXContainerItemProxy */ = {
			isa = PBXContainerItemProxy;
			containerPortal = 85BDCB141F25A5DA00ADEE4A /* Alamofire.xcodeproj */;
			proxyType = 2;
			remoteGlobalIDString = 4DD67C0B1A5C55C900ED2280;
			remoteInfo = "Alamofire macOS";
		};
		85BDCB251F25A5DA00ADEE4A /* PBXContainerItemProxy */ = {
			isa = PBXContainerItemProxy;
			containerPortal = 85BDCB141F25A5DA00ADEE4A /* Alamofire.xcodeproj */;
			proxyType = 2;
			remoteGlobalIDString = F829C6B21A7A94F100A2CD59;
			remoteInfo = "Alamofire macOS Tests";
		};
		85BDCB271F25A5DA00ADEE4A /* PBXContainerItemProxy */ = {
			isa = PBXContainerItemProxy;
			containerPortal = 85BDCB141F25A5DA00ADEE4A /* Alamofire.xcodeproj */;
			proxyType = 2;
			remoteGlobalIDString = 4CF626EF1BA7CB3E0011A099;
			remoteInfo = "Alamofire tvOS";
		};
		85BDCB291F25A5DA00ADEE4A /* PBXContainerItemProxy */ = {
			isa = PBXContainerItemProxy;
			containerPortal = 85BDCB141F25A5DA00ADEE4A /* Alamofire.xcodeproj */;
			proxyType = 2;
			remoteGlobalIDString = 4CF626F81BA7CB3E0011A099;
			remoteInfo = "Alamofire tvOS Tests";
		};
		85BDCB2B1F25A5DA00ADEE4A /* PBXContainerItemProxy */ = {
			isa = PBXContainerItemProxy;
			containerPortal = 85BDCB141F25A5DA00ADEE4A /* Alamofire.xcodeproj */;
			proxyType = 2;
			remoteGlobalIDString = E4202FE01B667AA100C997FB;
			remoteInfo = "Alamofire watchOS";
		};
		85BDCB2F1F25BB8400ADEE4A /* PBXContainerItemProxy */ = {
			isa = PBXContainerItemProxy;
			containerPortal = 85BDCB141F25A5DA00ADEE4A /* Alamofire.xcodeproj */;
			proxyType = 1;
			remoteGlobalIDString = F8111E3219A95C8B0040E7D1;
			remoteInfo = "Alamofire iOS";
		};
/* End PBXContainerItemProxy section */

/* Begin PBXCopyFilesBuildPhase section */
		85BDCB311F25BB8400ADEE4A /* Embed Frameworks */ = {
			isa = PBXCopyFilesBuildPhase;
			buildActionMask = 2147483647;
			dstPath = "";
			dstSubfolderSpec = 10;
			files = (
				85BDCB2E1F25BB8400ADEE4A /* Alamofire.framework in Embed Frameworks */,
			);
			name = "Embed Frameworks";
			runOnlyForDeploymentPostprocessing = 0;
		};
/* End PBXCopyFilesBuildPhase section */

/* Begin PBXFileReference section */
		85BDCAFF1F259ACD00ADEE4A /* CloudsApp.app */ = {isa = PBXFileReference; explicitFileType = wrapper.application; includeInIndex = 0; path = CloudsApp.app; sourceTree = BUILT_PRODUCTS_DIR; };
		85BDCB021F259ACD00ADEE4A /* AppDelegate.swift */ = {isa = PBXFileReference; lastKnownFileType = sourcecode.swift; path = AppDelegate.swift; sourceTree = "<group>"; };
		85BDCB041F259ACD00ADEE4A /* ViewController.swift */ = {isa = PBXFileReference; lastKnownFileType = sourcecode.swift; path = ViewController.swift; sourceTree = "<group>"; };
		85BDCB071F259ACD00ADEE4A /* Base */ = {isa = PBXFileReference; lastKnownFileType = file.storyboard; name = Base; path = Base.lproj/Main.storyboard; sourceTree = "<group>"; };
		85BDCB091F259ACD00ADEE4A /* Assets.xcassets */ = {isa = PBXFileReference; lastKnownFileType = folder.assetcatalog; path = Assets.xcassets; sourceTree = "<group>"; };
		85BDCB0C1F259ACD00ADEE4A /* Base */ = {isa = PBXFileReference; lastKnownFileType = file.storyboard; name = Base; path = Base.lproj/LaunchScreen.storyboard; sourceTree = "<group>"; };
		85BDCB0E1F259ACD00ADEE4A /* Info.plist */ = {isa = PBXFileReference; lastKnownFileType = text.plist.xml; path = Info.plist; sourceTree = "<group>"; };
		85BDCB141F25A5DA00ADEE4A /* Alamofire.xcodeproj */ = {isa = PBXFileReference; lastKnownFileType = "wrapper.pb-project"; name = Alamofire.xcodeproj; path = alamofire/Alamofire.xcodeproj; sourceTree = "<group>"; };
/* End PBXFileReference section */

/* Begin PBXFrameworksBuildPhase section */
		85BDCAFC1F259ACD00ADEE4A /* Frameworks */ = {
			isa = PBXFrameworksBuildPhase;
			buildActionMask = 2147483647;
			files = (
				85BDCB2D1F25BB8400ADEE4A /* Alamofire.framework in Frameworks */,
			);
			runOnlyForDeploymentPostprocessing = 0;
		};
/* End PBXFrameworksBuildPhase section */

/* Begin PBXGroup section */
		85BDCAF61F259ACD00ADEE4A = {
			isa = PBXGroup;
			children = (
				85BDCB141F25A5DA00ADEE4A /* Alamofire.xcodeproj */,
				85BDCB011F259ACD00ADEE4A /* CloudsApp */,
				85BDCB001F259ACD00ADEE4A /* Products */,
			);
			sourceTree = "<group>";
		};
		85BDCB001F259ACD00ADEE4A /* Products */ = {
			isa = PBXGroup;
			children = (
				85BDCAFF1F259ACD00ADEE4A /* CloudsApp.app */,
			);
			name = Products;
			sourceTree = "<group>";
		};
		85BDCB011F259ACD00ADEE4A /* CloudsApp */ = {
			isa = PBXGroup;
			children = (
				85BDCB021F259ACD00ADEE4A /* AppDelegate.swift */,
				85BDCB041F259ACD00ADEE4A /* ViewController.swift */,
				85BDCB061F259ACD00ADEE4A /* Main.storyboard */,
				85BDCB091F259ACD00ADEE4A /* Assets.xcassets */,
				85BDCB0B1F259ACD00ADEE4A /* LaunchScreen.storyboard */,
				85BDCB0E1F259ACD00ADEE4A /* Info.plist */,
			);
			path = CloudsApp;
			sourceTree = "<group>";
		};
		85BDCB151F25A5DA00ADEE4A /* Products */ = {
			isa = PBXGroup;
			children = (
				85BDCB201F25A5DA00ADEE4A /* Alamofire.framework */,
				85BDCB221F25A5DA00ADEE4A /* Alamofire iOS Tests.xctest */,
				85BDCB241F25A5DA00ADEE4A /* Alamofire.framework */,
				85BDCB261F25A5DA00ADEE4A /* Alamofire macOS Tests.xctest */,
				85BDCB281F25A5DA00ADEE4A /* Alamofire.framework */,
				85BDCB2A1F25A5DA00ADEE4A /* Alamofire tvOS Tests.xctest */,
				85BDCB2C1F25A5DA00ADEE4A /* Alamofire.framework */,
			);
			name = Products;
			sourceTree = "<group>";
		};
/* End PBXGroup section */

/* Begin PBXNativeTarget section */
		85BDCAFE1F259ACD00ADEE4A /* CloudsApp */ = {
			isa = PBXNativeTarget;
			buildConfigurationList = 85BDCB111F259ACD00ADEE4A /* Build configuration list for PBXNativeTarget "CloudsApp" */;
			buildPhases = (
				85BDCAFB1F259ACD00ADEE4A /* Sources */,
				85BDCAFC1F259ACD00ADEE4A /* Frameworks */,
				85BDCAFD1F259ACD00ADEE4A /* Resources */,
				85BDCB311F25BB8400ADEE4A /* Embed Frameworks */,
			);
			buildRules = (
			);
			dependencies = (
				85BDCB301F25BB8400ADEE4A /* PBXTargetDependency */,
			);
			name = CloudsApp;
			productName = CloudsApp;
			productReference = 85BDCAFF1F259ACD00ADEE4A /* CloudsApp.app */;
			productType = "com.apple.product-type.application";
		};
/* End PBXNativeTarget section */

/* Begin PBXProject section */
		85BDCAF71F259ACD00ADEE4A /* Project object */ = {
			isa = PBXProject;
			attributes = {
				LastSwiftUpdateCheck = 0830;
				LastUpgradeCheck = 0830;
				ORGANIZATIONNAME = olive;
				TargetAttributes = {
					85BDCAFE1F259ACD00ADEE4A = {
						CreatedOnToolsVersion = 8.3.2;
						DevelopmentTeam = Z4S7SF8Y6T;
						ProvisioningStyle = Automatic;
					};
				};
			};
			buildConfigurationList = 85BDCAFA1F259ACD00ADEE4A /* Build configuration list for PBXProject "CloudsApp" */;
			compatibilityVersion = "Xcode 3.2";
			developmentRegion = English;
			hasScannedForEncodings = 0;
			knownRegions = (
				en,
				Base,
			);
			mainGroup = 85BDCAF61F259ACD00ADEE4A;
			productRefGroup = 85BDCB001F259ACD00ADEE4A /* Products */;
			projectDirPath = "";
			projectReferences = (
				{
					ProductGroup = 85BDCB151F25A5DA00ADEE4A /* Products */;
					ProjectRef = 85BDCB141F25A5DA00ADEE4A /* Alamofire.xcodeproj */;
				},
			);
			projectRoot = "";
			targets = (
				85BDCAFE1F259ACD00ADEE4A /* CloudsApp */,
			);
		};
/* End PBXProject section */

/* Begin PBXReferenceProxy section */
		85BDCB201F25A5DA00ADEE4A /* Alamofire.framework */ = {
			isa = PBXReferenceProxy;
			fileType = wrapper.framework;
			path = Alamofire.framework;
			remoteRef = 85BDCB1F1F25A5DA00ADEE4A /* PBXContainerItemProxy */;
			sourceTree = BUILT_PRODUCTS_DIR;
		};
		85BDCB221F25A5DA00ADEE4A /* Alamofire iOS Tests.xctest */ = {
			isa = PBXReferenceProxy;
			fileType = wrapper.cfbundle;
			path = "Alamofire iOS Tests.xctest";
			remoteRef = 85BDCB211F25A5DA00ADEE4A /* PBXContainerItemProxy */;
			sourceTree = BUILT_PRODUCTS_DIR;
		};
		85BDCB241F25A5DA00ADEE4A /* Alamofire.framework */ = {
			isa = PBXReferenceProxy;
			fileType = wrapper.framework;
			path = Alamofire.framework;
			remoteRef = 85BDCB231F25A5DA00ADEE4A /* PBXContainerItemProxy */;
			sourceTree = BUILT_PRODUCTS_DIR;
		};
		85BDCB261F25A5DA00ADEE4A /* Alamofire macOS Tests.xctest */ = {
			isa = PBXReferenceProxy;
			fileType = wrapper.cfbundle;
			path = "Alamofire macOS Tests.xctest";
			remoteRef = 85BDCB251F25A5DA00ADEE4A /* PBXContainerItemProxy */;
			sourceTree = BUILT_PRODUCTS_DIR;
		};
		85BDCB281F25A5DA00ADEE4A /* Alamofire.framework */ = {
			isa = PBXReferenceProxy;
			fileType = wrapper.framework;
			path = Alamofire.framework;
			remoteRef = 85BDCB271F25A5DA00ADEE4A /* PBXContainerItemProxy */;
			sourceTree = BUILT_PRODUCTS_DIR;
		};
		85BDCB2A1F25A5DA00ADEE4A /* Alamofire tvOS Tests.xctest */ = {
			isa = PBXReferenceProxy;
			fileType = wrapper.cfbundle;
			path = "Alamofire tvOS Tests.xctest";
			remoteRef = 85BDCB291F25A5DA00ADEE4A /* PBXContainerItemProxy */;
			sourceTree = BUILT_PRODUCTS_DIR;
		};
		85BDCB2C1F25A5DA00ADEE4A /* Alamofire.framework */ = {
			isa = PBXReferenceProxy;
			fileType = wrapper.framework;
			path = Alamofire.framework;
			remoteRef = 85BDCB2B1F25A5DA00ADEE4A /* PBXContainerItemProxy */;
			sourceTree = BUILT_PRODUCTS_DIR;
		};
/* End PBXReferenceProxy section */

/* Begin PBXResourcesBuildPhase section */
		85BDCAFD1F259ACD00ADEE4A /* Resources */ = {
			isa = PBXResourcesBuildPhase;
			buildActionMask = 2147483647;
			files = (
				85BDCB0D1F259ACD00ADEE4A /* LaunchScreen.storyboard in Resources */,
				85BDCB0A1F259ACD00ADEE4A /* Assets.xcassets in Resources */,
				85BDCB081F259ACD00ADEE4A /* Main.storyboard in Resources */,
			);
			runOnlyForDeploymentPostprocessing = 0;
		};
/* End PBXResourcesBuildPhase section */

/* Begin PBXSourcesBuildPhase section */
		85BDCAFB1F259ACD00ADEE4A /* Sources */ = {
			isa = PBXSourcesBuildPhase;
			buildActionMask = 2147483647;
			files = (
				85BDCB051F259ACD00ADEE4A /* ViewController.swift in Sources */,
				85BDCB031F259ACD00ADEE4A /* AppDelegate.swift in Sources */,
			);
			runOnlyForDeploymentPostprocessing = 0;
		};
/* End PBXSourcesBuildPhase section */

/* Begin PBXTargetDependency section */
		85BDCB301F25BB8400ADEE4A /* PBXTargetDependency */ = {
			isa = PBXTargetDependency;
			name = "Alamofire iOS";
			targetProxy = 85BDCB2F1F25BB8400ADEE4A /* PBXContainerItemProxy */;
		};
/* End PBXTargetDependency section */

/* Begin PBXVariantGroup section */
		85BDCB061F259ACD00ADEE4A /* Main.storyboard */ = {
			isa = PBXVariantGroup;
			children = (
				85BDCB071F259ACD00ADEE4A /* Base */,
			);
			name = Main.storyboard;
			sourceTree = "<group>";
		};
		85BDCB0B1F259ACD00ADEE4A /* LaunchScreen.storyboard */ = {
			isa = PBXVariantGroup;
			children = (
				85BDCB0C1F259ACD00ADEE4A /* Base */,
			);
			name = LaunchScreen.storyboard;
			sourceTree = "<group>";
		};
/* End PBXVariantGroup section */

/* Begin XCBuildConfiguration section */
		85BDCB0F1F259ACD00ADEE4A /* Debug */ = {
			isa = XCBuildConfiguration;
			buildSettings = {
				ALWAYS_SEARCH_USER_PATHS = NO;
				CLANG_ANALYZER_NONNULL = YES;
				CLANG_ANALYZER_NUMBER_OBJECT_CONVERSION = YES_AGGRESSIVE;
				CLANG_CXX_LANGUAGE_STANDARD = "gnu++0x";
				CLANG_CXX_LIBRARY = "libc++";
				CLANG_ENABLE_MODULES = YES;
				CLANG_ENABLE_OBJC_ARC = YES;
				CLANG_WARN_BOOL_CONVERSION = YES;
				CLANG_WARN_CONSTANT_CONVERSION = YES;
				CLANG_WARN_DIRECT_OBJC_ISA_USAGE = YES_ERROR;
				CLANG_WARN_DOCUMENTATION_COMMENTS = YES;
				CLANG_WARN_EMPTY_BODY = YES;
				CLANG_WARN_ENUM_CONVERSION = YES;
				CLANG_WARN_INFINITE_RECURSION = YES;
				CLANG_WARN_INT_CONVERSION = YES;
				CLANG_WARN_OBJC_ROOT_CLASS = YES_ERROR;
				CLANG_WARN_SUSPICIOUS_MOVE = YES;
				CLANG_WARN_UNREACHABLE_CODE = YES;
				CLANG_WARN__DUPLICATE_METHOD_MATCH = YES;
				"CODE_SIGN_IDENTITY[sdk=iphoneos*]" = "iPhone Developer";
				COPY_PHASE_STRIP = NO;
				DEBUG_INFORMATION_FORMAT = dwarf;
				ENABLE_STRICT_OBJC_MSGSEND = YES;
				ENABLE_TESTABILITY = YES;
				GCC_C_LANGUAGE_STANDARD = gnu99;
				GCC_DYNAMIC_NO_PIC = NO;
				GCC_NO_COMMON_BLOCKS = YES;
				GCC_OPTIMIZATION_LEVEL = 0;
				GCC_PREPROCESSOR_DEFINITIONS = (
					"DEBUG=1",
					"$(inherited)",
				);
				GCC_WARN_64_TO_32_BIT_CONVERSION = YES;
				GCC_WARN_ABOUT_RETURN_TYPE = YES_ERROR;
				GCC_WARN_UNDECLARED_SELECTOR = YES;
				GCC_WARN_UNINITIALIZED_AUTOS = YES_AGGRESSIVE;
				GCC_WARN_UNUSED_FUNCTION = YES;
				GCC_WARN_UNUSED_VARIABLE = YES;
				IPHONEOS_DEPLOYMENT_TARGET = 10.3;
				MTL_ENABLE_DEBUG_INFO = YES;
				ONLY_ACTIVE_ARCH = YES;
				SDKROOT = iphoneos;
				SWIFT_ACTIVE_COMPILATION_CONDITIONS = DEBUG;
				SWIFT_OPTIMIZATION_LEVEL = "-Onone";
				TARGETED_DEVICE_FAMILY = "1,2";
			};
			name = Debug;
		};
		85BDCB101F259ACD00ADEE4A /* Release */ = {
			isa = XCBuildConfiguration;
			buildSettings = {
				ALWAYS_SEARCH_USER_PATHS = NO;
				CLANG_ANALYZER_NONNULL = YES;
				CLANG_ANALYZER_NUMBER_OBJECT_CONVERSION = YES_AGGRESSIVE;
				CLANG_CXX_LANGUAGE_STANDARD = "gnu++0x";
				CLANG_CXX_LIBRARY = "libc++";
				CLANG_ENABLE_MODULES = YES;
				CLANG_ENABLE_OBJC_ARC = YES;
				CLANG_WARN_BOOL_CONVERSION = YES;
				CLANG_WARN_CONSTANT_CONVERSION = YES;
				CLANG_WARN_DIRECT_OBJC_ISA_USAGE = YES_ERROR;
				CLANG_WARN_DOCUMENTATION_COMMENTS = YES;
				CLANG_WARN_EMPTY_BODY = YES;
				CLANG_WARN_ENUM_CONVERSION = YES;
				CLANG_WARN_INFINITE_RECURSION = YES;
				CLANG_WARN_INT_CONVERSION = YES;
				CLANG_WARN_OBJC_ROOT_CLASS = YES_ERROR;
				CLANG_WARN_SUSPICIOUS_MOVE = YES;
				CLANG_WARN_UNREACHABLE_CODE = YES;
				CLANG_WARN__DUPLICATE_METHOD_MATCH = YES;
				"CODE_SIGN_IDENTITY[sdk=iphoneos*]" = "iPhone Developer";
				COPY_PHASE_STRIP = NO;
				DEBUG_INFORMATION_FORMAT = "dwarf-with-dsym";
				ENABLE_NS_ASSERTIONS = NO;
				ENABLE_STRICT_OBJC_MSGSEND = YES;
				GCC_C_LANGUAGE_STANDARD = gnu99;
				GCC_NO_COMMON_BLOCKS = YES;
				GCC_WARN_64_TO_32_BIT_CONVERSION = YES;
				GCC_WARN_ABOUT_RETURN_TYPE = YES_ERROR;
				GCC_WARN_UNDECLARED_SELECTOR = YES;
				GCC_WARN_UNINITIALIZED_AUTOS = YES_AGGRESSIVE;
				GCC_WARN_UNUSED_FUNCTION = YES;
				GCC_WARN_UNUSED_VARIABLE = YES;
				IPHONEOS_DEPLOYMENT_TARGET = 10.3;
				MTL_ENABLE_DEBUG_INFO = NO;
				SDKROOT = iphoneos;
				SWIFT_OPTIMIZATION_LEVEL = "-Owholemodule";
				TARGETED_DEVICE_FAMILY = "1,2";
				VALIDATE_PRODUCT = YES;
			};
			name = Release;
		};
		85BDCB121F259ACD00ADEE4A /* Debug */ = {
			isa = XCBuildConfiguration;
			buildSettings = {
				ALWAYS_EMBED_SWIFT_STANDARD_LIBRARIES = YES;
				ASSETCATALOG_COMPILER_APPICON_NAME = AppIcon;
				DEVELOPMENT_TEAM = Z4S7SF8Y6T;
				INFOPLIST_FILE = CloudsApp/Info.plist;
				LD_RUNPATH_SEARCH_PATHS = "$(inherited) @executable_path/Frameworks";
				PRODUCT_BUNDLE_IDENTIFIER = com.home.CloudsApp;
				PRODUCT_NAME = "$(TARGET_NAME)";
				SWIFT_VERSION = 3.0;
			};
			name = Debug;
		};
		85BDCB131F259ACD00ADEE4A /* Release */ = {
			isa = XCBuildConfiguration;
			buildSettings = {
				ALWAYS_EMBED_SWIFT_STANDARD_LIBRARIES = YES;
				ASSETCATALOG_COMPILER_APPICON_NAME = AppIcon;
				DEVELOPMENT_TEAM = Z4S7SF8Y6T;
				INFOPLIST_FILE = CloudsApp/Info.plist;
				LD_RUNPATH_SEARCH_PATHS = "$(inherited) @executable_path/Frameworks";
				PRODUCT_BUNDLE_IDENTIFIER = com.home.CloudsApp;
				PRODUCT_NAME = "$(TARGET_NAME)";
				SWIFT_VERSION = 3.0;
			};
			name = Release;
		};
/* End XCBuildConfiguration section */

/* Begin XCConfigurationList section */
		85BDCAFA1F259ACD00ADEE4A /* Build configuration list for PBXProject "CloudsApp" */ = {
			isa = XCConfigurationList;
			buildConfigurations = (
				85BDCB0F1F259ACD00ADEE4A /* Debug */,
				85BDCB101F259ACD00ADEE4A /* Release */,
			);
			defaultConfigurationIsVisible = 0;
			defaultConfigurationName = Release;
		};
		85BDCB111F259ACD00ADEE4A /* Build configuration list for PBXNativeTarget "CloudsApp" */ = {
			isa = XCConfigurationList;
			buildConfigurations = (
				85BDCB121F259ACD00ADEE4A /* Debug */,
				85BDCB131F259ACD00ADEE4A /* Release */,
			);
			defaultConfigurationIsVisible = 0;
		};
/* End XCConfigurationList section */
	};
	rootObject = 85BDCAF71F259ACD00ADEE4A /* Project object */;
}
